
Microsoft Visual Studio Solution File, Format Version 12.00
# Visual Studio Version 17
VisualStudioVersion = 17.5.33502.453
MinimumVisualStudioVersion = 10.0.40219.1
Project("{FAE04EC0-301F-11D3-BF4B-00C04F79EFBC}") = "BIGBANG ASSESSMENT", "BIGBANG ASSESSMENT.csproj", "{496F5BFC-7F1B-4D52-97F1-A5A7A7977C9C}"
EndProject
Project("{FAE04EC0-301F-11D3-BF4B-00C04F79EFBC}") = "ClassLibrary3", "..\ClassLibrary3\ClassLibrary3.csproj", "{54A37879-55F9-4BF6-BC15-570CA858681C}"
EndProject
Global
	GlobalSection(SolutionConfigurationPlatforms) = preSolution
		Debug|Any CPU = Debug|Any CPU
		Release|Any CPU = Release|Any CPU
	EndGlobalSection
	GlobalSection(ProjectConfigurationPlatforms) = postSolution
		{496F5BFC-7F1B-4D52-97F1-A5A7A7977C9C}.Debug|Any CPU.ActiveCfg = Debug|Any CPU
		{496F5BFC-7F1B-4D52-97F1-A5A7A7977C9C}.Debug|Any CPU.Build.0 = Debug|Any CPU
		{496F5BFC-7F1B-4D52-97F1-A5A7A7977C9C}.Release|Any CPU.ActiveCfg = Release|Any CPU
		{496F5BFC-7F1B-4D52-97F1-A5A7A7977C9C}.Release|Any CPU.Build.0 = Release|Any CPU
		{54A37879-55F9-4BF6-BC15-570CA858681C}.Debug|Any CPU.ActiveCfg = Debug|Any CPU
		{54A37879-55F9-4BF6-BC15-570CA858681C}.Debug|Any CPU.Build.0 = Debug|Any CPU
		{54A37879-55F9-4BF6-BC15-570CA858681C}.Release|Any CPU.ActiveCfg = Release|Any CPU
		{54A37879-55F9-4BF6-BC15-570CA858681C}.Release|Any CPU.Build.0 = Release|Any CPU
	EndGlobalSection
	GlobalSection(SolutionProperties) = preSolution
		HideSolutionNode = FALSE
	EndGlobalSection
	GlobalSection(ExtensibilityGlobals) = postSolution
		SolutionGuid = {8259F490-9297-4AB6-A210-561F27725F6D}
	EndGlobalSection
EndGlobal
